
Microsoft Visual Studio Solution File, Format Version 12.00
# Visual Studio Version 17
VisualStudioVersion = 17.3.32901.215
MinimumVisualStudioVersion = 10.0.40219.1
Project("{FAE04EC0-301F-11D3-BF4B-00C04F79EFBC}") = "ExercInterface", "ExercInterface.csproj", "{9AA5629C-2A8D-43A4-A515-F1CBA9B16E90}"
EndProject
Global
	GlobalSection(SolutionConfigurationPlatforms) = preSolution
		Debug|Any CPU = Debug|Any CPU
		Release|Any CPU = Release|Any CPU
	EndGlobalSection
	GlobalSection(ProjectConfigurationPlatforms) = postSolution
		{9AA5629C-2A8D-43A4-A515-F1CBA9B16E90}.Debug|Any CPU.ActiveCfg = Debug|Any CPU
		{9AA5629C-2A8D-43A4-A515-F1CBA9B16E90}.Debug|Any CPU.Build.0 = Debug|Any CPU
		{9AA5629C-2A8D-43A4-A515-F1CBA9B16E90}.Release|Any CPU.ActiveCfg = Release|Any CPU
		{9AA5629C-2A8D-43A4-A515-F1CBA9B16E90}.Release|Any CPU.Build.0 = Release|Any CPU
	EndGlobalSection
	GlobalSection(SolutionProperties) = preSolution
		HideSolutionNode = FALSE
	EndGlobalSection
	GlobalSection(ExtensibilityGlobals) = postSolution
		SolutionGuid = {A604B66F-8A21-4F8E-9E67-A376A9F82905}
	EndGlobalSection
EndGlobal
